
Microsoft Visual Studio Solution File, Format Version 12.00
# Visual Studio Version 17
VisualStudioVersion = 17.10.35201.131
MinimumVisualStudioVersion = 10.0.40219.1
Project("{8BC9CEB8-8B4A-11D0-8D11-00A0C91BC942}") = "适配器模式", "适配器模式\适配器模式.vcxproj", "{CBCC3E56-14B3-471A-8082-FD73047B7187}"
EndProject
Global
	GlobalSection(SolutionConfigurationPlatforms) = preSolution
		Debug|x64 = Debug|x64
		Debug|x86 = Debug|x86
		Release|x64 = Release|x64
		Release|x86 = Release|x86
	EndGlobalSection
	GlobalSection(ProjectConfigurationPlatforms) = postSolution
		{CBCC3E56-14B3-471A-8082-FD73047B7187}.Debug|x64.ActiveCfg = Debug|x64
		{CBCC3E56-14B3-471A-8082-FD73047B7187}.Debug|x64.Build.0 = Debug|x64
		{CBCC3E56-14B3-471A-8082-FD73047B7187}.Debug|x86.ActiveCfg = Debug|Win32
		{CBCC3E56-14B3-471A-8082-FD73047B7187}.Debug|x86.Build.0 = Debug|Win32
		{CBCC3E56-14B3-471A-8082-FD73047B7187}.Release|x64.ActiveCfg = Release|x64
		{CBCC3E56-14B3-471A-8082-FD73047B7187}.Release|x64.Build.0 = Release|x64
		{CBCC3E56-14B3-471A-8082-FD73047B7187}.Release|x86.ActiveCfg = Release|Win32
		{CBCC3E56-14B3-471A-8082-FD73047B7187}.Release|x86.Build.0 = Release|Win32
	EndGlobalSection
	GlobalSection(SolutionProperties) = preSolution
		HideSolutionNode = FALSE
	EndGlobalSection
	GlobalSection(ExtensibilityGlobals) = postSolution
		SolutionGuid = {BF39BCA0-8DA2-45D9-ABF6-B5F5D2F62401}
	EndGlobalSection
EndGlobal
