
Microsoft Visual Studio Solution File, Format Version 12.00
# Visual Studio Version 17
VisualStudioVersion = 17.10.35201.131
MinimumVisualStudioVersion = 10.0.40219.1
Project("{8BC9CEB8-8B4A-11D0-8D11-00A0C91BC942}") = "观察者模式", "观察者模式\观察者模式.vcxproj", "{0D96BF96-F26C-4E54-966D-EC0BFDB8106C}"
EndProject
Global
	GlobalSection(SolutionConfigurationPlatforms) = preSolution
		Debug|x64 = Debug|x64
		Debug|x86 = Debug|x86
		Release|x64 = Release|x64
		Release|x86 = Release|x86
	EndGlobalSection
	GlobalSection(ProjectConfigurationPlatforms) = postSolution
		{0D96BF96-F26C-4E54-966D-EC0BFDB8106C}.Debug|x64.ActiveCfg = Debug|x64
		{0D96BF96-F26C-4E54-966D-EC0BFDB8106C}.Debug|x64.Build.0 = Debug|x64
		{0D96BF96-F26C-4E54-966D-EC0BFDB8106C}.Debug|x86.ActiveCfg = Debug|Win32
		{0D96BF96-F26C-4E54-966D-EC0BFDB8106C}.Debug|x86.Build.0 = Debug|Win32
		{0D96BF96-F26C-4E54-966D-EC0BFDB8106C}.Release|x64.ActiveCfg = Release|x64
		{0D96BF96-F26C-4E54-966D-EC0BFDB8106C}.Release|x64.Build.0 = Release|x64
		{0D96BF96-F26C-4E54-966D-EC0BFDB8106C}.Release|x86.ActiveCfg = Release|Win32
		{0D96BF96-F26C-4E54-966D-EC0BFDB8106C}.Release|x86.Build.0 = Release|Win32
	EndGlobalSection
	GlobalSection(SolutionProperties) = preSolution
		HideSolutionNode = FALSE
	EndGlobalSection
	GlobalSection(ExtensibilityGlobals) = postSolution
		SolutionGuid = {AA4C052A-D7CA-4C90-8845-BE903843CD40}
	EndGlobalSection
EndGlobal
